
Microsoft Visual Studio Solution File, Format Version 12.00
# Visual Studio Version 16
VisualStudioVersion = 16.0.34729.46
MinimumVisualStudioVersion = 10.0.40219.1
Project("{8BC9CEB8-8B4A-11D0-8D11-00A0C91BC942}") = "Front", "Front\Front.vcxproj", "{73E59B33-B0AD-4260-80B0-4178A6E6E297}"
EndProject
Project("{8BC9CEB8-8B4A-11D0-8D11-00A0C91BC942}") = "Enclave3", "Enclave3\Enclave3.vcxproj", "{BB3031EA-966B-42CD-B8BE-80C248F36D48}"
EndProject
Global
	GlobalSection(SolutionConfigurationPlatforms) = preSolution
		CVE-2020-0551-CF-Prerelease|x64 = CVE-2020-0551-CF-Prerelease|x64
		CVE-2020-0551-CF-Prerelease|x86 = CVE-2020-0551-CF-Prerelease|x86
		CVE-2020-0551-CF-Release|x64 = CVE-2020-0551-CF-Release|x64
		CVE-2020-0551-CF-Release|x86 = CVE-2020-0551-CF-Release|x86
		CVE-2020-0551-Load-Prerelease|x64 = CVE-2020-0551-Load-Prerelease|x64
		CVE-2020-0551-Load-Prerelease|x86 = CVE-2020-0551-Load-Prerelease|x86
		CVE-2020-0551-Load-Release|x64 = CVE-2020-0551-Load-Release|x64
		CVE-2020-0551-Load-Release|x86 = CVE-2020-0551-Load-Release|x86
		Debug|x64 = Debug|x64
		Debug|x86 = Debug|x86
		Prerelease|x64 = Prerelease|x64
		Prerelease|x86 = Prerelease|x86
		Release|x64 = Release|x64
		Release|x86 = Release|x86
		Simulation|x64 = Simulation|x64
		Simulation|x86 = Simulation|x86
	EndGlobalSection
	GlobalSection(ProjectConfigurationPlatforms) = postSolution
		{73E59B33-B0AD-4260-80B0-4178A6E6E297}.CVE-2020-0551-CF-Prerelease|x64.ActiveCfg = Release|x64
		{73E59B33-B0AD-4260-80B0-4178A6E6E297}.CVE-2020-0551-CF-Prerelease|x86.ActiveCfg = Release|Win32
		{73E59B33-B0AD-4260-80B0-4178A6E6E297}.CVE-2020-0551-CF-Release|x64.ActiveCfg = Release|x64
		{73E59B33-B0AD-4260-80B0-4178A6E6E297}.CVE-2020-0551-CF-Release|x86.ActiveCfg = Release|Win32
		{73E59B33-B0AD-4260-80B0-4178A6E6E297}.CVE-2020-0551-Load-Prerelease|x64.ActiveCfg = Release|x64
		{73E59B33-B0AD-4260-80B0-4178A6E6E297}.CVE-2020-0551-Load-Prerelease|x86.ActiveCfg = Release|Win32
		{73E59B33-B0AD-4260-80B0-4178A6E6E297}.CVE-2020-0551-Load-Release|x64.ActiveCfg = Release|x64
		{73E59B33-B0AD-4260-80B0-4178A6E6E297}.CVE-2020-0551-Load-Release|x86.ActiveCfg = Release|Win32
		{73E59B33-B0AD-4260-80B0-4178A6E6E297}.Debug|x64.ActiveCfg = Debug|x64
		{73E59B33-B0AD-4260-80B0-4178A6E6E297}.Debug|x86.ActiveCfg = Debug|Win32
		{73E59B33-B0AD-4260-80B0-4178A6E6E297}.Prerelease|x64.ActiveCfg = Release|x64
		{73E59B33-B0AD-4260-80B0-4178A6E6E297}.Prerelease|x86.ActiveCfg = Release|Win32
		{73E59B33-B0AD-4260-80B0-4178A6E6E297}.Release|x64.ActiveCfg = Release|x64
		{73E59B33-B0AD-4260-80B0-4178A6E6E297}.Release|x86.ActiveCfg = Release|Win32
		{73E59B33-B0AD-4260-80B0-4178A6E6E297}.Simulation|x64.ActiveCfg = Simulation|x64
		{73E59B33-B0AD-4260-80B0-4178A6E6E297}.Simulation|x64.Build.0 = Simulation|x64
		{73E59B33-B0AD-4260-80B0-4178A6E6E297}.Simulation|x86.ActiveCfg = Simulation|Win32
		{BB3031EA-966B-42CD-B8BE-80C248F36D48}.CVE-2020-0551-CF-Prerelease|x64.ActiveCfg = CVE-2020-0551-CF-Prerelease|x64
		{BB3031EA-966B-42CD-B8BE-80C248F36D48}.CVE-2020-0551-CF-Prerelease|x86.ActiveCfg = CVE-2020-0551-CF-Prerelease|x64
		{BB3031EA-966B-42CD-B8BE-80C248F36D48}.CVE-2020-0551-CF-Release|x64.ActiveCfg = CVE-2020-0551-CF-Release|x64
		{BB3031EA-966B-42CD-B8BE-80C248F36D48}.CVE-2020-0551-CF-Release|x86.ActiveCfg = CVE-2020-0551-CF-Release|x64
		{BB3031EA-966B-42CD-B8BE-80C248F36D48}.CVE-2020-0551-Load-Prerelease|x64.ActiveCfg = CVE-2020-0551-Load-Prerelease|x64
		{BB3031EA-966B-42CD-B8BE-80C248F36D48}.CVE-2020-0551-Load-Prerelease|x86.ActiveCfg = CVE-2020-0551-Load-Prerelease|x64
		{BB3031EA-966B-42CD-B8BE-80C248F36D48}.CVE-2020-0551-Load-Release|x64.ActiveCfg = CVE-2020-0551-Load-Release|x64
		{BB3031EA-966B-42CD-B8BE-80C248F36D48}.CVE-2020-0551-Load-Release|x86.ActiveCfg = CVE-2020-0551-Load-Release|x64
		{BB3031EA-966B-42CD-B8BE-80C248F36D48}.Debug|x64.ActiveCfg = Debug|x64
		{BB3031EA-966B-42CD-B8BE-80C248F36D48}.Debug|x86.ActiveCfg = Debug|Win32
		{BB3031EA-966B-42CD-B8BE-80C248F36D48}.Prerelease|x64.ActiveCfg = Prerelease|x64
		{BB3031EA-966B-42CD-B8BE-80C248F36D48}.Prerelease|x86.ActiveCfg = Prerelease|Win32
		{BB3031EA-966B-42CD-B8BE-80C248F36D48}.Release|x64.ActiveCfg = Release|x64
		{BB3031EA-966B-42CD-B8BE-80C248F36D48}.Release|x86.ActiveCfg = Release|Win32
		{BB3031EA-966B-42CD-B8BE-80C248F36D48}.Simulation|x64.ActiveCfg = Simulation|x64
		{BB3031EA-966B-42CD-B8BE-80C248F36D48}.Simulation|x64.Build.0 = Simulation|x64
		{BB3031EA-966B-42CD-B8BE-80C248F36D48}.Simulation|x86.ActiveCfg = Simulation|x64
		{BB3031EA-966B-42CD-B8BE-80C248F36D48}.Simulation|x86.Build.0 = Simulation|x64
	EndGlobalSection
	GlobalSection(SolutionProperties) = preSolution
		HideSolutionNode = FALSE
	EndGlobalSection
	GlobalSection(ExtensibilityGlobals) = postSolution
		SolutionGuid = {66FB7BB7-9C79-4ADF-AF92-60503A5641B3}
	EndGlobalSection
EndGlobal
